{
  "nodes": {
    "nixpkgs": {
      "locked": {
        "lastModified": 1755375481,
        "narHash": "sha256-43PgCQFgFD1nM/7dncytV0c5heNHe/gXrEud18ZWcZU=",
        "owner": "nixos",
        "repo": "nixpkgs",
        "rev": "35f1742e4f1470817ff8203185e2ce0359947f12",
        "type": "github"
      },
      "original": {
        "owner": "nixos",
        "ref": "nixos-unstable-small",
        "repo": "nixpkgs",
        "type": "github"
      }
    },
    "nixpkgs_2": {
      "locked": {
        "lastModified": 1744536153,
        "narHash": "sha256-awS2zRgF4uTwrOKwwiJcByDzDOdo3Q1rPZbiHQg/N38=",
        "owner": "NixOS",
        "repo": "nixpkgs",
        "rev": "18dd725c29603f582cf1900e0d25f9f1063dbf11",
        "type": "github"
      },
      "original": {
        "owner": "NixOS",
        "ref": "nixpkgs-unstable",
        "repo": "nixpkgs",
        "type": "github"
      }
    },
    "root": {
      "inputs": {
        "nixpkgs": "nixpkgs",
        "rust-overlay": "rust-overlay"
      }
    },
    "rust-overlay": {
      "inputs": {
        "nixpkgs": "nixpkgs_2"
      },
      "locked": {
        "lastModified": 1755311859,
        "narHash": "sha256-NspGtm0ZpihxlFD628pvh5ZEhL/Q6/Z9XBpe3n6ZtEw=",
        "owner": "oxalica",
        "repo": "rust-overlay",
        "rev": "07619500e5937cc4669f24fec355d18a8fec0165",
        "type": "github"
      },
      "original": {
        "owner": "oxalica",
        "repo": "rust-overlay",
        "type": "github"
      }
    }
  },
  "root": "root",
  "version": 7
}
